
Microsoft Visual Studio Solution File, Format Version 12.00
# Visual Studio 14
VisualStudioVersion = 14.0.23107.0
MinimumVisualStudioVersion = 10.0.40219.1
Project("{FAE04EC0-301F-11D3-BF4B-00C04F79EFBC}") = "Numbers", "WebApplication6\Numbers.csproj", "{80A042D7-8E6A-4990-B1DB-DF87EE615338}"
EndProject
Project("{FAE04EC0-301F-11D3-BF4B-00C04F79EFBC}") = "DAL", "DAL2\DAL.csproj", "{EC5CF339-A153-42CF-8841-535DEA1D236B}"
EndProject
Global
	GlobalSection(SolutionConfigurationPlatforms) = preSolution
		Debug|Any CPU = Debug|Any CPU
		Release|Any CPU = Release|Any CPU
	EndGlobalSection
	GlobalSection(ProjectConfigurationPlatforms) = postSolution
		{80A042D7-8E6A-4990-B1DB-DF87EE615338}.Debug|Any CPU.ActiveCfg = Debug|Any CPU
		{80A042D7-8E6A-4990-B1DB-DF87EE615338}.Debug|Any CPU.Build.0 = Debug|Any CPU
		{80A042D7-8E6A-4990-B1DB-DF87EE615338}.Release|Any CPU.ActiveCfg = Release|Any CPU
		{80A042D7-8E6A-4990-B1DB-DF87EE615338}.Release|Any CPU.Build.0 = Release|Any CPU
		{EC5CF339-A153-42CF-8841-535DEA1D236B}.Debug|Any CPU.ActiveCfg = Debug|Any CPU
		{EC5CF339-A153-42CF-8841-535DEA1D236B}.Debug|Any CPU.Build.0 = Debug|Any CPU
		{EC5CF339-A153-42CF-8841-535DEA1D236B}.Release|Any CPU.ActiveCfg = Release|Any CPU
		{EC5CF339-A153-42CF-8841-535DEA1D236B}.Release|Any CPU.Build.0 = Release|Any CPU
	EndGlobalSection
	GlobalSection(SolutionProperties) = preSolution
		HideSolutionNode = FALSE
	EndGlobalSection
EndGlobal
